// !$*UTF8*$!
{
	archiveVersion = 1;
	classes = {
	};
	objectVersion = 55;
	objects = {

/* Begin PBXBuildFile section */
		C72970FB284E895A0083865F /* AppDelegate.swift in Sources */ = {isa = PBXBuildFile; fileRef = C72970FA284E895A0083865F /* AppDelegate.swift */; };
		C72970FD284E895A0083865F /* SceneDelegate.swift in Sources */ = {isa = PBXBuildFile; fileRef = C72970FC284E895A0083865F /* SceneDelegate.swift */; };
		C72970FF284E895A0083865F /* ViewController.swift in Sources */ = {isa = PBXBuildFile; fileRef = C72970FE284E895A0083865F /* ViewController.swift */; };
		C7297102284E895B0083865F /* Main.storyboard in Resources */ = {isa = PBXBuildFile; fileRef = C7297100284E895B0083865F /* Main.storyboard */; };
		C7297104284E89650083865F /* Assets.xcassets in Resources */ = {isa = PBXBuildFile; fileRef = C7297103284E89650083865F /* Assets.xcassets */; };
		C7297107284E89650083865F /* LaunchScreen.storyboard in Resources */ = {isa = PBXBuildFile; fileRef = C7297105284E89650083865F /* LaunchScreen.storyboard */; };
		C7297112284E89660083865F /* HellowWorld2Tests.swift in Sources */ = {isa = PBXBuildFile; fileRef = C7297111284E89660083865F /* HellowWorld2Tests.swift */; };
		C729711C284E89660083865F /* HellowWorld2UITests.swift in Sources */ = {isa = PBXBuildFile; fileRef = C729711B284E89660083865F /* HellowWorld2UITests.swift */; };
		C729711E284E89660083865F /* HellowWorld2UITestsLaunchTests.swift in Sources */ = {isa = PBXBuildFile; fileRef = C729711D284E89660083865F /* HellowWorld2UITestsLaunchTests.swift */; };
		C729712D284E96620083865F /* NextViewController.swift in Sources */ = {isa = PBXBuildFile; fileRef = C729712C284E96620083865F /* NextViewController.swift */; };
		C76FBB15284F481500DC1DCA /* AlleViewController.swift in Sources */ = {isa = PBXBuildFile; fileRef = C76FBB14284F481500DC1DCA /* AlleViewController.swift */; };
		C77459782852A40600F777EB /* SecondViewController.swift in Sources */ = {isa = PBXBuildFile; fileRef = C77459772852A40600F777EB /* SecondViewController.swift */; };
		C774597A28534D5F00F777EB /* Questions.swift in Sources */ = {isa = PBXBuildFile; fileRef = C774597928534D5F00F777EB /* Questions.swift */; };
		C774597C2853636400F777EB /* question_list.csv in Resources */ = {isa = PBXBuildFile; fileRef = C774597B2853636300F777EB /* question_list.csv */; };
		C774597E285A666600F777EB /* QuestionHolder.swift in Sources */ = {isa = PBXBuildFile; fileRef = C774597D285A666600F777EB /* QuestionHolder.swift */; };
		C7745980285B6B3800F777EB /* SettingViewController.swift in Sources */ = {isa = PBXBuildFile; fileRef = C774597F285B6B3800F777EB /* SettingViewController.swift */; };
/* End PBXBuildFile section */

/* Begin PBXContainerItemProxy section */
		C729710E284E89650083865F /* PBXContainerItemProxy */ = {
			isa = PBXContainerItemProxy;
			containerPortal = C72970EF284E895A0083865F /* Project object */;
			proxyType = 1;
			remoteGlobalIDString = C72970F6284E895A0083865F;
			remoteInfo = HellowWorld2;
		};
		C7297118284E89660083865F /* PBXContainerItemProxy */ = {
			isa = PBXContainerItemProxy;
			containerPortal = C72970EF284E895A0083865F /* Project object */;
			proxyType = 1;
			remoteGlobalIDString = C72970F6284E895A0083865F;
			remoteInfo = HellowWorld2;
		};
/* End PBXContainerItemProxy section */

/* Begin PBXFileReference section */
		C72970F7284E895A0083865F /* HellowWorld2.app */ = {isa = PBXFileReference; explicitFileType = wrapper.application; includeInIndex = 0; path = HellowWorld2.app; sourceTree = BUILT_PRODUCTS_DIR; };
		C72970FA284E895A0083865F /* AppDelegate.swift */ = {isa = PBXFileReference; lastKnownFileType = sourcecode.swift; path = AppDelegate.swift; sourceTree = "<group>"; };
		C72970FC284E895A0083865F /* SceneDelegate.swift */ = {isa = PBXFileReference; lastKnownFileType = sourcecode.swift; path = SceneDelegate.swift; sourceTree = "<group>"; };
		C72970FE284E895A0083865F /* ViewController.swift */ = {isa = PBXFileReference; lastKnownFileType = sourcecode.swift; path = ViewController.swift; sourceTree = "<group>"; };
		C7297101284E895B0083865F /* Base */ = {isa = PBXFileReference; lastKnownFileType = file.storyboard; name = Base; path = Base.lproj/Main.storyboard; sourceTree = "<group>"; };
		C7297103284E89650083865F /* Assets.xcassets */ = {isa = PBXFileReference; lastKnownFileType = folder.assetcatalog; path = Assets.xcassets; sourceTree = "<group>"; };
		C7297106284E89650083865F /* Base */ = {isa = PBXFileReference; lastKnownFileType = file.storyboard; name = Base; path = Base.lproj/LaunchScreen.storyboard; sourceTree = "<group>"; };
		C729710D284E89650083865F /* HellowWorld2Tests.xctest */ = {isa = PBXFileReference; explicitFileType = wrapper.cfbundle; includeInIndex = 0; path = HellowWorld2Tests.xctest; sourceTree = BUILT_PRODUCTS_DIR; };
		C7297111284E89660083865F /* HellowWorld2Tests.swift */ = {isa = PBXFileReference; lastKnownFileType = sourcecode.swift; path = HellowWorld2Tests.swift; sourceTree = "<group>"; };
		C7297117284E89660083865F /* HellowWorld2UITests.xctest */ = {isa = PBXFileReference; explicitFileType = wrapper.cfbundle; includeInIndex = 0; path = HellowWorld2UITests.xctest; sourceTree = BUILT_PRODUCTS_DIR; };
		C729711B284E89660083865F /* HellowWorld2UITests.swift */ = {isa = PBXFileReference; lastKnownFileType = sourcecode.swift; path = HellowWorld2UITests.swift; sourceTree = "<group>"; };
		C729711D284E89660083865F /* HellowWorld2UITestsLaunchTests.swift */ = {isa = PBXFileReference; lastKnownFileType = sourcecode.swift; path = HellowWorld2UITestsLaunchTests.swift; sourceTree = "<group>"; };
		C729712C284E96620083865F /* NextViewController.swift */ = {isa = PBXFileReference; lastKnownFileType = sourcecode.swift; path = NextViewController.swift; sourceTree = "<group>"; };
		C76FBB14284F481500DC1DCA /* AlleViewController.swift */ = {isa = PBXFileReference; lastKnownFileType = sourcecode.swift; path = AlleViewController.swift; sourceTree = "<group>"; };
		C77459772852A40600F777EB /* SecondViewController.swift */ = {isa = PBXFileReference; lastKnownFileType = sourcecode.swift; path = SecondViewController.swift; sourceTree = "<group>"; };
		C774597928534D5F00F777EB /* Questions.swift */ = {isa = PBXFileReference; lastKnownFileType = sourcecode.swift; path = Questions.swift; sourceTree = "<group>"; };
		C774597B2853636300F777EB /* question_list.csv */ = {isa = PBXFileReference; fileEncoding = 4; lastKnownFileType = text; path = question_list.csv; sourceTree = "<group>"; };
		C774597D285A666600F777EB /* QuestionHolder.swift */ = {isa = PBXFileReference; lastKnownFileType = sourcecode.swift; path = QuestionHolder.swift; sourceTree = "<group>"; };
		C774597F285B6B3800F777EB /* SettingViewController.swift */ = {isa = PBXFileReference; lastKnownFileType = sourcecode.swift; path = SettingViewController.swift; sourceTree = "<group>"; };
/* End PBXFileReference section */

/* Begin PBXFrameworksBuildPhase section */
		C72970F4284E895A0083865F /* Frameworks */ = {
			isa = PBXFrameworksBuildPhase;
			buildActionMask = 2147483647;
			files = (
			);
			runOnlyForDeploymentPostprocessing = 0;
		};
		C729710A284E89650083865F /* Frameworks */ = {
			isa = PBXFrameworksBuildPhase;
			buildActionMask = 2147483647;
			files = (
			);
			runOnlyForDeploymentPostprocessing = 0;
		};
		C7297114284E89660083865F /* Frameworks */ = {
			isa = PBXFrameworksBuildPhase;
			buildActionMask = 2147483647;
			files = (
			);
			runOnlyForDeploymentPostprocessing = 0;
		};
/* End PBXFrameworksBuildPhase section */

/* Begin PBXGroup section */
		C72970EE284E895A0083865F = {
			isa = PBXGroup;
			children = (
				C72970F9284E895A0083865F /* HellowWorld2 */,
				C7297110284E89650083865F /* HellowWorld2Tests */,
				C729711A284E89660083865F /* HellowWorld2UITests */,
				C72970F8284E895A0083865F /* Products */,
			);
			sourceTree = "<group>";
		};
		C72970F8284E895A0083865F /* Products */ = {
			isa = PBXGroup;
			children = (
				C72970F7284E895A0083865F /* HellowWorld2.app */,
				C729710D284E89650083865F /* HellowWorld2Tests.xctest */,
				C7297117284E89660083865F /* HellowWorld2UITests.xctest */,
			);
			name = Products;
			sourceTree = "<group>";
		};
		C72970F9284E895A0083865F /* HellowWorld2 */ = {
			isa = PBXGroup;
			children = (
				C774597F285B6B3800F777EB /* SettingViewController.swift */,
				C774597D285A666600F777EB /* QuestionHolder.swift */,
				C774597928534D5F00F777EB /* Questions.swift */,
				C72970FA284E895A0083865F /* AppDelegate.swift */,
				C72970FC284E895A0083865F /* SceneDelegate.swift */,
				C72970FE284E895A0083865F /* ViewController.swift */,
				C729712C284E96620083865F /* NextViewController.swift */,
				C76FBB14284F481500DC1DCA /* AlleViewController.swift */,
				C77459772852A40600F777EB /* SecondViewController.swift */,
				C7297100284E895B0083865F /* Main.storyboard */,
				C7297103284E89650083865F /* Assets.xcassets */,
				C7297105284E89650083865F /* LaunchScreen.storyboard */,
				C774597B2853636300F777EB /* question_list.csv */,
			);
			path = HellowWorld2;
			sourceTree = "<group>";
		};
		C7297110284E89650083865F /* HellowWorld2Tests */ = {
			isa = PBXGroup;
			children = (
				C7297111284E89660083865F /* HellowWorld2Tests.swift */,
			);
			path = HellowWorld2Tests;
			sourceTree = "<group>";
		};
		C729711A284E89660083865F /* HellowWorld2UITests */ = {
			isa = PBXGroup;
			children = (
				C729711B284E89660083865F /* HellowWorld2UITests.swift */,
				C729711D284E89660083865F /* HellowWorld2UITestsLaunchTests.swift */,
			);
			path = HellowWorld2UITests;
			sourceTree = "<group>";
		};
/* End PBXGroup section */

/* Begin PBXNativeTarget section */
		C72970F6284E895A0083865F /* HellowWorld2 */ = {
			isa = PBXNativeTarget;
			buildConfigurationList = C7297121284E89660083865F /* Build configuration list for PBXNativeTarget "HellowWorld2" */;
			buildPhases = (
				C72970F3284E895A0083865F /* Sources */,
				C72970F4284E895A0083865F /* Frameworks */,
				C72970F5284E895A0083865F /* Resources */,
			);
			buildRules = (
			);
			dependencies = (
			);
			name = HellowWorld2;
			productName = HellowWorld2;
			productReference = C72970F7284E895A0083865F /* HellowWorld2.app */;
			productType = "com.apple.product-type.application";
		};
		C729710C284E89650083865F /* HellowWorld2Tests */ = {
			isa = PBXNativeTarget;
			buildConfigurationList = C7297124284E89660083865F /* Build configuration list for PBXNativeTarget "HellowWorld2Tests" */;
			buildPhases = (
				C7297109284E89650083865F /* Sources */,
				C729710A284E89650083865F /* Frameworks */,
				C729710B284E89650083865F /* Resources */,
			);
			buildRules = (
			);
			dependencies = (
				C729710F284E89650083865F /* PBXTargetDependency */,
			);
			name = HellowWorld2Tests;
			productName = HellowWorld2Tests;
			productReference = C729710D284E89650083865F /* HellowWorld2Tests.xctest */;
			productType = "com.apple.product-type.bundle.unit-test";
		};
		C7297116284E89660083865F /* HellowWorld2UITests */ = {
			isa = PBXNativeTarget;
			buildConfigurationList = C7297127284E89660083865F /* Build configuration list for PBXNativeTarget "HellowWorld2UITests" */;
			buildPhases = (
				C7297113284E89660083865F /* Sources */,
				C7297114284E89660083865F /* Frameworks */,
				C7297115284E89660083865F /* Resources */,
			);
			buildRules = (
			);
			dependencies = (
				C7297119284E89660083865F /* PBXTargetDependency */,
			);
			name = HellowWorld2UITests;
			productName = HellowWorld2UITests;
			productReference = C7297117284E89660083865F /* HellowWorld2UITests.xctest */;
			productType = "com.apple.product-type.bundle.ui-testing";
		};
/* End PBXNativeTarget section */

/* Begin PBXProject section */
		C72970EF284E895A0083865F /* Project object */ = {
			isa = PBXProject;
			attributes = {
				BuildIndependentTargetsInParallel = 1;
				LastSwiftUpdateCheck = 1340;
				LastUpgradeCheck = 1340;
				TargetAttributes = {
					C72970F6284E895A0083865F = {
						CreatedOnToolsVersion = 13.4.1;
					};
					C729710C284E89650083865F = {
						CreatedOnToolsVersion = 13.4.1;
						TestTargetID = C72970F6284E895A0083865F;
					};
					C7297116284E89660083865F = {
						CreatedOnToolsVersion = 13.4.1;
						TestTargetID = C72970F6284E895A0083865F;
					};
				};
			};
			buildConfigurationList = C72970F2284E895A0083865F /* Build configuration list for PBXProject "HellowWorld2" */;
			compatibilityVersion = "Xcode 13.0";
			developmentRegion = en;
			hasScannedForEncodings = 0;
			knownRegions = (
				en,
				Base,
			);
			mainGroup = C72970EE284E895A0083865F;
			productRefGroup = C72970F8284E895A0083865F /* Products */;
			projectDirPath = "";
			projectRoot = "";
			targets = (
				C72970F6284E895A0083865F /* HellowWorld2 */,
				C729710C284E89650083865F /* HellowWorld2Tests */,
				C7297116284E89660083865F /* HellowWorld2UITests */,
			);
		};
/* End PBXProject section */

/* Begin PBXResourcesBuildPhase section */
		C72970F5284E895A0083865F /* Resources */ = {
			isa = PBXResourcesBuildPhase;
			buildActionMask = 2147483647;
			files = (
				C7297107284E89650083865F /* LaunchScreen.storyboard in Resources */,
				C7297104284E89650083865F /* Assets.xcassets in Resources */,
				C774597C2853636400F777EB /* question_list.csv in Resources */,
				C7297102284E895B0083865F /* Main.storyboard in Resources */,
			);
			runOnlyForDeploymentPostprocessing = 0;
		};
		C729710B284E89650083865F /* Resources */ = {
			isa = PBXResourcesBuildPhase;
			buildActionMask = 2147483647;
			files = (
			);
			runOnlyForDeploymentPostprocessing = 0;
		};
		C7297115284E89660083865F /* Resources */ = {
			isa = PBXResourcesBuildPhase;
			buildActionMask = 2147483647;
			files = (
			);
			runOnlyForDeploymentPostprocessing = 0;
		};
/* End PBXResourcesBuildPhase section */

/* Begin PBXSourcesBuildPhase section */
		C72970F3284E895A0083865F /* Sources */ = {
			isa = PBXSourcesBuildPhase;
			buildActionMask = 2147483647;
			files = (
				C77459782852A40600F777EB /* SecondViewController.swift in Sources */,
				C72970FF284E895A0083865F /* ViewController.swift in Sources */,
				C729712D284E96620083865F /* NextViewController.swift in Sources */,
				C774597A28534D5F00F777EB /* Questions.swift in Sources */,
				C76FBB15284F481500DC1DCA /* AlleViewController.swift in Sources */,
				C7745980285B6B3800F777EB /* SettingViewController.swift in Sources */,
				C774597E285A666600F777EB /* QuestionHolder.swift in Sources */,
				C72970FB284E895A0083865F /* AppDelegate.swift in Sources */,
				C72970FD284E895A0083865F /* SceneDelegate.swift in Sources */,
			);
			runOnlyForDeploymentPostprocessing = 0;
		};
		C7297109284E89650083865F /* Sources */ = {
			isa = PBXSourcesBuildPhase;
			buildActionMask = 2147483647;
			files = (
				C7297112284E89660083865F /* HellowWorld2Tests.swift in Sources */,
			);
			runOnlyForDeploymentPostprocessing = 0;
		};
		C7297113284E89660083865F /* Sources */ = {
			isa = PBXSourcesBuildPhase;
			buildActionMask = 2147483647;
			files = (
				C729711C284E89660083865F /* HellowWorld2UITests.swift in Sources */,
				C729711E284E89660083865F /* HellowWorld2UITestsLaunchTests.swift in Sources */,
			);
			runOnlyForDeploymentPostprocessing = 0;
		};
/* End PBXSourcesBuildPhase section */

/* Begin PBXTargetDependency section */
		C729710F284E89650083865F /* PBXTargetDependency */ = {
			isa = PBXTargetDependency;
			target = C72970F6284E895A0083865F /* HellowWorld2 */;
			targetProxy = C729710E284E89650083865F /* PBXContainerItemProxy */;
		};
		C7297119284E89660083865F /* PBXTargetDependency */ = {
			isa = PBXTargetDependency;
			target = C72970F6284E895A0083865F /* HellowWorld2 */;
			targetProxy = C7297118284E89660083865F /* PBXContainerItemProxy */;
		};
/* End PBXTargetDependency section */

/* Begin PBXVariantGroup section */
		C7297100284E895B0083865F /* Main.storyboard */ = {
			isa = PBXVariantGroup;
			children = (
				C7297101284E895B0083865F /* Base */,
			);
			name = Main.storyboard;
			sourceTree = "<group>";
		};
		C7297105284E89650083865F /* LaunchScreen.storyboard */ = {
			isa = PBXVariantGroup;
			children = (
				C7297106284E89650083865F /* Base */,
			);
			name = LaunchScreen.storyboard;
			sourceTree = "<group>";
		};
/* End PBXVariantGroup section */

/* Begin XCBuildConfiguration section */
		C729711F284E89660083865F /* Debug */ = {
			isa = XCBuildConfiguration;
			buildSettings = {
				ALWAYS_SEARCH_USER_PATHS = NO;
				CLANG_ANALYZER_NONNULL = YES;
				CLANG_ANALYZER_NUMBER_OBJECT_CONVERSION = YES_AGGRESSIVE;
				CLANG_CXX_LANGUAGE_STANDARD = "gnu++17";
				CLANG_ENABLE_MODULES = YES;
				CLANG_ENABLE_OBJC_ARC = YES;
				CLANG_ENABLE_OBJC_WEAK = YES;
				CLANG_WARN_BLOCK_CAPTURE_AUTORELEASING = YES;
				CLANG_WARN_BOOL_CONVERSION = YES;
				CLANG_WARN_COMMA = YES;
				CLANG_WARN_CONSTANT_CONVERSION = YES;
				CLANG_WARN_DEPRECATED_OBJC_IMPLEMENTATIONS = YES;
				CLANG_WARN_DIRECT_OBJC_ISA_USAGE = YES_ERROR;
				CLANG_WARN_DOCUMENTATION_COMMENTS = YES;
				CLANG_WARN_EMPTY_BODY = YES;
				CLANG_WARN_ENUM_CONVERSION = YES;
				CLANG_WARN_INFINITE_RECURSION = YES;
				CLANG_WARN_INT_CONVERSION = YES;
				CLANG_WARN_NON_LITERAL_NULL_CONVERSION = YES;
				CLANG_WARN_OBJC_IMPLICIT_RETAIN_SELF = YES;
				CLANG_WARN_OBJC_LITERAL_CONVERSION = YES;
				CLANG_WARN_OBJC_ROOT_CLASS = YES_ERROR;
				CLANG_WARN_QUOTED_INCLUDE_IN_FRAMEWORK_HEADER = YES;
				CLANG_WARN_RANGE_LOOP_ANALYSIS = YES;
				CLANG_WARN_STRICT_PROTOTYPES = YES;
				CLANG_WARN_SUSPICIOUS_MOVE = YES;
				CLANG_WARN_UNGUARDED_AVAILABILITY = YES_AGGRESSIVE;
				CLANG_WARN_UNREACHABLE_CODE = YES;
				CLANG_WARN__DUPLICATE_METHOD_MATCH = YES;
				COPY_PHASE_STRIP = NO;
				DEBUG_INFORMATION_FORMAT = dwarf;
				ENABLE_STRICT_OBJC_MSGSEND = YES;
				ENABLE_TESTABILITY = YES;
				GCC_C_LANGUAGE_STANDARD = gnu11;
				GCC_DYNAMIC_NO_PIC = NO;
				GCC_NO_COMMON_BLOCKS = YES;
				GCC_OPTIMIZATION_LEVEL = 0;
				GCC_PREPROCESSOR_DEFINITIONS = (
					"DEBUG=1",
					"$(inherited)",
				);
				GCC_WARN_64_TO_32_BIT_CONVERSION = YES;
				GCC_WARN_ABOUT_RETURN_TYPE = YES_ERROR;
				GCC_WARN_UNDECLARED_SELECTOR = YES;
				GCC_WARN_UNINITIALIZED_AUTOS = YES_AGGRESSIVE;
				GCC_WARN_UNUSED_FUNCTION = YES;
				GCC_WARN_UNUSED_VARIABLE = YES;
				IPHONEOS_DEPLOYMENT_TARGET = 15.5;
				MTL_ENABLE_DEBUG_INFO = INCLUDE_SOURCE;
				MTL_FAST_MATH = YES;
				ONLY_ACTIVE_ARCH = YES;
				SDKROOT = iphoneos;
				SWIFT_ACTIVE_COMPILATION_CONDITIONS = DEBUG;
				SWIFT_OPTIMIZATION_LEVEL = "-Onone";
			};
			name = Debug;
		};
		C7297120284E89660083865F /* Release */ = {
			isa = XCBuildConfiguration;
			buildSettings = {
				ALWAYS_SEARCH_USER_PATHS = NO;
				CLANG_ANALYZER_NONNULL = YES;
				CLANG_ANALYZER_NUMBER_OBJECT_CONVERSION = YES_AGGRESSIVE;
				CLANG_CXX_LANGUAGE_STANDARD = "gnu++17";
				CLANG_ENABLE_MODULES = YES;
				CLANG_ENABLE_OBJC_ARC = YES;
				CLANG_ENABLE_OBJC_WEAK = YES;
				CLANG_WARN_BLOCK_CAPTURE_AUTORELEASING = YES;
				CLANG_WARN_BOOL_CONVERSION = YES;
				CLANG_WARN_COMMA = YES;
				CLANG_WARN_CONSTANT_CONVERSION = YES;
				CLANG_WARN_DEPRECATED_OBJC_IMPLEMENTATIONS = YES;
				CLANG_WARN_DIRECT_OBJC_ISA_USAGE = YES_ERROR;
				CLANG_WARN_DOCUMENTATION_COMMENTS = YES;
				CLANG_WARN_EMPTY_BODY = YES;
				CLANG_WARN_ENUM_CONVERSION = YES;
				CLANG_WARN_INFINITE_RECURSION = YES;
				CLANG_WARN_INT_CONVERSION = YES;
				CLANG_WARN_NON_LITERAL_NULL_CONVERSION = YES;
				CLANG_WARN_OBJC_IMPLICIT_RETAIN_SELF = YES;
				CLANG_WARN_OBJC_LITERAL_CONVERSION = YES;
				CLANG_WARN_OBJC_ROOT_CLASS = YES_ERROR;
				CLANG_WARN_QUOTED_INCLUDE_IN_FRAMEWORK_HEADER = YES;
				CLANG_WARN_RANGE_LOOP_ANALYSIS = YES;
				CLANG_WARN_STRICT_PROTOTYPES = YES;
				CLANG_WARN_SUSPICIOUS_MOVE = YES;
				CLANG_WARN_UNGUARDED_AVAILABILITY = YES_AGGRESSIVE;
				CLANG_WARN_UNREACHABLE_CODE = YES;
				CLANG_WARN__DUPLICATE_METHOD_MATCH = YES;
				COPY_PHASE_STRIP = NO;
				DEBUG_INFORMATION_FORMAT = "dwarf-with-dsym";
				ENABLE_NS_ASSERTIONS = NO;
				ENABLE_STRICT_OBJC_MSGSEND = YES;
				GCC_C_LANGUAGE_STANDARD = gnu11;
				GCC_NO_COMMON_BLOCKS = YES;
				GCC_WARN_64_TO_32_BIT_CONVERSION = YES;
				GCC_WARN_ABOUT_RETURN_TYPE = YES_ERROR;
				GCC_WARN_UNDECLARED_SELECTOR = YES;
				GCC_WARN_UNINITIALIZED_AUTOS = YES_AGGRESSIVE;
				GCC_WARN_UNUSED_FUNCTION = YES;
				GCC_WARN_UNUSED_VARIABLE = YES;
				IPHONEOS_DEPLOYMENT_TARGET = 15.5;
				MTL_ENABLE_DEBUG_INFO = NO;
				MTL_FAST_MATH = YES;
				SDKROOT = iphoneos;
				SWIFT_COMPILATION_MODE = wholemodule;
				SWIFT_OPTIMIZATION_LEVEL = "-O";
				VALIDATE_PRODUCT = YES;
			};
			name = Release;
		};
		C7297122284E89660083865F /* Debug */ = {
			isa = XCBuildConfiguration;
			buildSettings = {
				ASSETCATALOG_COMPILER_APPICON_NAME = AppIcon;
				ASSETCATALOG_COMPILER_GLOBAL_ACCENT_COLOR_NAME = AccentColor;
				CODE_SIGN_STYLE = Automatic;
				CURRENT_PROJECT_VERSION = 1;
				GENERATE_INFOPLIST_FILE = YES;
				INFOPLIST_FILE = HellowWorld2/Info.plist;
				INFOPLIST_KEY_UIApplicationSupportsIndirectInputEvents = YES;
				INFOPLIST_KEY_UILaunchStoryboardName = LaunchScreen;
				INFOPLIST_KEY_UIMainStoryboardFile = Main;
				INFOPLIST_KEY_UISupportedInterfaceOrientations_iPad = "UIInterfaceOrientationPortrait UIInterfaceOrientationPortraitUpsideDown UIInterfaceOrientationLandscapeLeft UIInterfaceOrientationLandscapeRight";
				INFOPLIST_KEY_UISupportedInterfaceOrientations_iPhone = "UIInterfaceOrientationPortrait UIInterfaceOrientationLandscapeLeft UIInterfaceOrientationLandscapeRight";
				IPHONEOS_DEPLOYMENT_TARGET = 15.5;
				LD_RUNPATH_SEARCH_PATHS = (
					"$(inherited)",
					"@executable_path/Frameworks",
				);
				MARKETING_VERSION = 1.0;
				PRODUCT_BUNDLE_IDENTIFIER = "Mathias-Bergmann.HellowWorld2";
				PRODUCT_NAME = "$(TARGET_NAME)";
				SWIFT_EMIT_LOC_STRINGS = YES;
				SWIFT_VERSION = 5.0;
				TARGETED_DEVICE_FAMILY = "1,2";
			};
			name = Debug;
		};
		C7297123284E89660083865F /* Release */ = {
			isa = XCBuildConfiguration;
			buildSettings = {
				ASSETCATALOG_COMPILER_APPICON_NAME = AppIcon;
				ASSETCATALOG_COMPILER_GLOBAL_ACCENT_COLOR_NAME = AccentColor;
				CODE_SIGN_STYLE = Automatic;
				CURRENT_PROJECT_VERSION = 1;
				GENERATE_INFOPLIST_FILE = YES;
				INFOPLIST_FILE = HellowWorld2/Info.plist;
				INFOPLIST_KEY_UIApplicationSupportsIndirectInputEvents = YES;
				INFOPLIST_KEY_UILaunchStoryboardName = LaunchScreen;
				INFOPLIST_KEY_UIMainStoryboardFile = Main;
				INFOPLIST_KEY_UISupportedInterfaceOrientations_iPad = "UIInterfaceOrientationPortrait UIInterfaceOrientationPortraitUpsideDown UIInterfaceOrientationLandscapeLeft UIInterfaceOrientationLandscapeRight";
				INFOPLIST_KEY_UISupportedInterfaceOrientations_iPhone = "UIInterfaceOrientationPortrait UIInterfaceOrientationLandscapeLeft UIInterfaceOrientationLandscapeRight";
				IPHONEOS_DEPLOYMENT_TARGET = 15.5;
				LD_RUNPATH_SEARCH_PATHS = (
					"$(inherited)",
					"@executable_path/Frameworks",
				);
				MARKETING_VERSION = 1.0;
				PRODUCT_BUNDLE_IDENTIFIER = "Mathias-Bergmann.HellowWorld2";
				PRODUCT_NAME = "$(TARGET_NAME)";
				SWIFT_EMIT_LOC_STRINGS = YES;
				SWIFT_VERSION = 5.0;
				TARGETED_DEVICE_FAMILY = "1,2";
			};
			name = Release;
		};
		C7297125284E89660083865F /* Debug */ = {
			isa = XCBuildConfiguration;
			buildSettings = {
				ALWAYS_EMBED_SWIFT_STANDARD_LIBRARIES = YES;
				BUNDLE_LOADER = "$(TEST_HOST)";
				CODE_SIGN_STYLE = Automatic;
				CURRENT_PROJECT_VERSION = 1;
				GENERATE_INFOPLIST_FILE = YES;
				IPHONEOS_DEPLOYMENT_TARGET = 15.5;
				MARKETING_VERSION = 1.0;
				PRODUCT_BUNDLE_IDENTIFIER = "Mathias-Bergmann.HellowWorld2Tests";
				PRODUCT_NAME = "$(TARGET_NAME)";
				SWIFT_EMIT_LOC_STRINGS = NO;
				SWIFT_VERSION = 5.0;
				TARGETED_DEVICE_FAMILY = "1,2";
				TEST_HOST = "$(BUILT_PRODUCTS_DIR)/HellowWorld2.app/HellowWorld2";
			};
			name = Debug;
		};
		C7297126284E89660083865F /* Release */ = {
			isa = XCBuildConfiguration;
			buildSettings = {
				ALWAYS_EMBED_SWIFT_STANDARD_LIBRARIES = YES;
				BUNDLE_LOADER = "$(TEST_HOST)";
				CODE_SIGN_STYLE = Automatic;
				CURRENT_PROJECT_VERSION = 1;
				GENERATE_INFOPLIST_FILE = YES;
				IPHONEOS_DEPLOYMENT_TARGET = 15.5;
				MARKETING_VERSION = 1.0;
				PRODUCT_BUNDLE_IDENTIFIER = "Mathias-Bergmann.HellowWorld2Tests";
				PRODUCT_NAME = "$(TARGET_NAME)";
				SWIFT_EMIT_LOC_STRINGS = NO;
				SWIFT_VERSION = 5.0;
				TARGETED_DEVICE_FAMILY = "1,2";
				TEST_HOST = "$(BUILT_PRODUCTS_DIR)/HellowWorld2.app/HellowWorld2";
			};
			name = Release;
		};
		C7297128284E89660083865F /* Debug */ = {
			isa = XCBuildConfiguration;
			buildSettings = {
				ALWAYS_EMBED_SWIFT_STANDARD_LIBRARIES = YES;
				CODE_SIGN_STYLE = Automatic;
				CURRENT_PROJECT_VERSION = 1;
				GENERATE_INFOPLIST_FILE = YES;
				MARKETING_VERSION = 1.0;
				PRODUCT_BUNDLE_IDENTIFIER = "Mathias-Bergmann.HellowWorld2UITests";
				PRODUCT_NAME = "$(TARGET_NAME)";
				SWIFT_EMIT_LOC_STRINGS = NO;
				SWIFT_VERSION = 5.0;
				TARGETED_DEVICE_FAMILY = "1,2";
				TEST_TARGET_NAME = HellowWorld2;
			};
			name = Debug;
		};
		C7297129284E89660083865F /* Release */ = {
			isa = XCBuildConfiguration;
			buildSettings = {
				ALWAYS_EMBED_SWIFT_STANDARD_LIBRARIES = YES;
				CODE_SIGN_STYLE = Automatic;
				CURRENT_PROJECT_VERSION = 1;
				GENERATE_INFOPLIST_FILE = YES;
				MARKETING_VERSION = 1.0;
				PRODUCT_BUNDLE_IDENTIFIER = "Mathias-Bergmann.HellowWorld2UITests";
				PRODUCT_NAME = "$(TARGET_NAME)";
				SWIFT_EMIT_LOC_STRINGS = NO;
				SWIFT_VERSION = 5.0;
				TARGETED_DEVICE_FAMILY = "1,2";
				TEST_TARGET_NAME = HellowWorld2;
			};
			name = Release;
		};
/* End XCBuildConfiguration section */

/* Begin XCConfigurationList section */
		C72970F2284E895A0083865F /* Build configuration list for PBXProject "HellowWorld2" */ = {
			isa = XCConfigurationList;
			buildConfigurations = (
				C729711F284E89660083865F /* Debug */,
				C7297120284E89660083865F /* Release */,
			);
			defaultConfigurationIsVisible = 0;
			defaultConfigurationName = Release;
		};
		C7297121284E89660083865F /* Build configuration list for PBXNativeTarget "HellowWorld2" */ = {
			isa = XCConfigurationList;
			buildConfigurations = (
				C7297122284E89660083865F /* Debug */,
				C7297123284E89660083865F /* Release */,
			);
			defaultConfigurationIsVisible = 0;
			defaultConfigurationName = Release;
		};
		C7297124284E89660083865F /* Build configuration list for PBXNativeTarget "HellowWorld2Tests" */ = {
			isa = XCConfigurationList;
			buildConfigurations = (
				C7297125284E89660083865F /* Debug */,
				C7297126284E89660083865F /* Release */,
			);
			defaultConfigurationIsVisible = 0;
			defaultConfigurationName = Release;
		};
		C7297127284E89660083865F /* Build configuration list for PBXNativeTarget "HellowWorld2UITests" */ = {
			isa = XCConfigurationList;
			buildConfigurations = (
				C7297128284E89660083865F /* Debug */,
				C7297129284E89660083865F /* Release */,
			);
			defaultConfigurationIsVisible = 0;
			defaultConfigurationName = Release;
		};
/* End XCConfigurationList section */
	};
	rootObject = C72970EF284E895A0083865F /* Project object */;
}
